
Microsoft Visual Studio Solution File, Format Version 12.00
# Visual Studio 14
VisualStudioVersion = 14.0.25420.1
MinimumVisualStudioVersion = 10.0.40219.1
Project("{FAE04EC0-301F-11D3-BF4B-00C04F79EFBC}") = "ConsoleApplication", "ConsoleApplication1\ConsoleApplication.csproj", "{21B33EA1-E43A-4219-9D33-D05F315BA350}"
EndProject
Project("{FAE04EC0-301F-11D3-BF4B-00C04F79EFBC}") = "WebApp", "WebApplication1\WebApp.csproj", "{EA8AB8A0-28FC-4EB6-B278-2F36338BF464}"
EndProject
Project("{2150E333-8FDC-42A3-9474-1A3956D46DE8}") = "Web", "Web", "{8747C26F-BE60-4F00-B694-B80FB312DB12}"
EndProject
Project("{2150E333-8FDC-42A3-9474-1A3956D46DE8}") = "Service", "Service", "{BEA47BBD-B3B3-4420-BBAF-757A8B2E3B74}"
EndProject
Project("{2150E333-8FDC-42A3-9474-1A3956D46DE8}") = "Interface", "Interface", "{39C943CB-6C7B-460E-98B1-D56A0C129567}"
EndProject
Project("{FAE04EC0-301F-11D3-BF4B-00C04F79EFBC}") = "Shared.Service", "Shared.Service\Shared.Service.csproj", "{B46A5FBD-190B-4C98-B798-FDF2DBE6EEE0}"
EndProject
Project("{2150E333-8FDC-42A3-9474-1A3956D46DE8}") = "DomainService", "DomainService", "{3B4F9C32-19AA-48C2-A0AF-23F925A91658}"
EndProject
Project("{FAE04EC0-301F-11D3-BF4B-00C04F79EFBC}") = "Service.HW", "Service.HW\Service.HW.csproj", "{4F8A28A5-E5F8-4597-A8DB-3E28FD1EC92C}"
EndProject
Project("{2150E333-8FDC-42A3-9474-1A3956D46DE8}") = "UnitOfWork", "UnitOfWork", "{A2D533AD-BA71-4F43-8306-ACCE997F2B54}"
EndProject
Project("{FAE04EC0-301F-11D3-BF4B-00C04F79EFBC}") = "HW.UnitOfWork", "HW.UnitOfWork\HW.UnitOfWork.csproj", "{4D3B8906-BE9C-4272-8B8B-638A8220A179}"
EndProject
Project("{2150E333-8FDC-42A3-9474-1A3956D46DE8}") = "UnitOfWork", "UnitOfWork", "{D81DAB44-1A15-4B5A-8A0F-1A7818A4A203}"
EndProject
Project("{FAE04EC0-301F-11D3-BF4B-00C04F79EFBC}") = "Shared.UnitOfWork", "Shared.UnitOfWork\Shared.UnitOfWork.csproj", "{2EF6F6B8-DA2E-43B0-87AC-86B1F92C7DC0}"
EndProject
Project("{2150E333-8FDC-42A3-9474-1A3956D46DE8}") = "Repository", "Repository", "{5B2D6A74-EB20-4416-9ED4-91A0B3240577}"
EndProject
Project("{FAE04EC0-301F-11D3-BF4B-00C04F79EFBC}") = "Repository.Data", "Repository.Data\Repository.Data.csproj", "{D401E0C7-5C6B-43DD-A5CD-08D8D89E23A5}"
EndProject
Project("{2150E333-8FDC-42A3-9474-1A3956D46DE8}") = "UnitTest", "UnitTest", "{7440F2DA-025D-435D-8DCC-B0F8ABBFB001}"
EndProject
Project("{FAE04EC0-301F-11D3-BF4B-00C04F79EFBC}") = "UnitTestProject", "UnitTestProject\UnitTestProject.csproj", "{E72E63CA-5002-4620-916A-DFE69DE1BBA4}"
EndProject
Project("{2150E333-8FDC-42A3-9474-1A3956D46DE8}") = "Solution Items", "Solution Items", "{275E89AF-ECC0-43A8-9A57-2D26E5A056BB}"
	ProjectSection(SolutionItems) = preProject
		ReadMe.txt = ReadMe.txt
	EndProjectSection
EndProject
Global
	GlobalSection(SolutionConfigurationPlatforms) = preSolution
		Debug|Any CPU = Debug|Any CPU
		Release|Any CPU = Release|Any CPU
	EndGlobalSection
	GlobalSection(ProjectConfigurationPlatforms) = postSolution
		{21B33EA1-E43A-4219-9D33-D05F315BA350}.Debug|Any CPU.ActiveCfg = Debug|Any CPU
		{21B33EA1-E43A-4219-9D33-D05F315BA350}.Debug|Any CPU.Build.0 = Debug|Any CPU
		{21B33EA1-E43A-4219-9D33-D05F315BA350}.Release|Any CPU.ActiveCfg = Release|Any CPU
		{21B33EA1-E43A-4219-9D33-D05F315BA350}.Release|Any CPU.Build.0 = Release|Any CPU
		{EA8AB8A0-28FC-4EB6-B278-2F36338BF464}.Debug|Any CPU.ActiveCfg = Debug|Any CPU
		{EA8AB8A0-28FC-4EB6-B278-2F36338BF464}.Debug|Any CPU.Build.0 = Debug|Any CPU
		{EA8AB8A0-28FC-4EB6-B278-2F36338BF464}.Release|Any CPU.ActiveCfg = Release|Any CPU
		{EA8AB8A0-28FC-4EB6-B278-2F36338BF464}.Release|Any CPU.Build.0 = Release|Any CPU
		{B46A5FBD-190B-4C98-B798-FDF2DBE6EEE0}.Debug|Any CPU.ActiveCfg = Debug|Any CPU
		{B46A5FBD-190B-4C98-B798-FDF2DBE6EEE0}.Debug|Any CPU.Build.0 = Debug|Any CPU
		{B46A5FBD-190B-4C98-B798-FDF2DBE6EEE0}.Release|Any CPU.ActiveCfg = Release|Any CPU
		{B46A5FBD-190B-4C98-B798-FDF2DBE6EEE0}.Release|Any CPU.Build.0 = Release|Any CPU
		{4F8A28A5-E5F8-4597-A8DB-3E28FD1EC92C}.Debug|Any CPU.ActiveCfg = Debug|Any CPU
		{4F8A28A5-E5F8-4597-A8DB-3E28FD1EC92C}.Debug|Any CPU.Build.0 = Debug|Any CPU
		{4F8A28A5-E5F8-4597-A8DB-3E28FD1EC92C}.Release|Any CPU.ActiveCfg = Release|Any CPU
		{4F8A28A5-E5F8-4597-A8DB-3E28FD1EC92C}.Release|Any CPU.Build.0 = Release|Any CPU
		{4D3B8906-BE9C-4272-8B8B-638A8220A179}.Debug|Any CPU.ActiveCfg = Debug|Any CPU
		{4D3B8906-BE9C-4272-8B8B-638A8220A179}.Debug|Any CPU.Build.0 = Debug|Any CPU
		{4D3B8906-BE9C-4272-8B8B-638A8220A179}.Release|Any CPU.ActiveCfg = Release|Any CPU
		{4D3B8906-BE9C-4272-8B8B-638A8220A179}.Release|Any CPU.Build.0 = Release|Any CPU
		{2EF6F6B8-DA2E-43B0-87AC-86B1F92C7DC0}.Debug|Any CPU.ActiveCfg = Debug|Any CPU
		{2EF6F6B8-DA2E-43B0-87AC-86B1F92C7DC0}.Debug|Any CPU.Build.0 = Debug|Any CPU
		{2EF6F6B8-DA2E-43B0-87AC-86B1F92C7DC0}.Release|Any CPU.ActiveCfg = Release|Any CPU
		{2EF6F6B8-DA2E-43B0-87AC-86B1F92C7DC0}.Release|Any CPU.Build.0 = Release|Any CPU
		{D401E0C7-5C6B-43DD-A5CD-08D8D89E23A5}.Debug|Any CPU.ActiveCfg = Debug|Any CPU
		{D401E0C7-5C6B-43DD-A5CD-08D8D89E23A5}.Debug|Any CPU.Build.0 = Debug|Any CPU
		{D401E0C7-5C6B-43DD-A5CD-08D8D89E23A5}.Release|Any CPU.ActiveCfg = Release|Any CPU
		{D401E0C7-5C6B-43DD-A5CD-08D8D89E23A5}.Release|Any CPU.Build.0 = Release|Any CPU
		{E72E63CA-5002-4620-916A-DFE69DE1BBA4}.Debug|Any CPU.ActiveCfg = Debug|Any CPU
		{E72E63CA-5002-4620-916A-DFE69DE1BBA4}.Debug|Any CPU.Build.0 = Debug|Any CPU
		{E72E63CA-5002-4620-916A-DFE69DE1BBA4}.Release|Any CPU.ActiveCfg = Release|Any CPU
		{E72E63CA-5002-4620-916A-DFE69DE1BBA4}.Release|Any CPU.Build.0 = Release|Any CPU
	EndGlobalSection
	GlobalSection(SolutionProperties) = preSolution
		HideSolutionNode = FALSE
	EndGlobalSection
	GlobalSection(NestedProjects) = preSolution
		{EA8AB8A0-28FC-4EB6-B278-2F36338BF464} = {8747C26F-BE60-4F00-B694-B80FB312DB12}
		{B46A5FBD-190B-4C98-B798-FDF2DBE6EEE0} = {39C943CB-6C7B-460E-98B1-D56A0C129567}
		{4F8A28A5-E5F8-4597-A8DB-3E28FD1EC92C} = {3B4F9C32-19AA-48C2-A0AF-23F925A91658}
		{4D3B8906-BE9C-4272-8B8B-638A8220A179} = {A2D533AD-BA71-4F43-8306-ACCE997F2B54}
		{D81DAB44-1A15-4B5A-8A0F-1A7818A4A203} = {39C943CB-6C7B-460E-98B1-D56A0C129567}
		{2EF6F6B8-DA2E-43B0-87AC-86B1F92C7DC0} = {D81DAB44-1A15-4B5A-8A0F-1A7818A4A203}
		{D401E0C7-5C6B-43DD-A5CD-08D8D89E23A5} = {5B2D6A74-EB20-4416-9ED4-91A0B3240577}
	EndGlobalSection
EndGlobal
